{
  "nodes": {
    "nixpkgs": {
      "locked": {
        "lastModified": 1766309749,
        "narHash": "sha256-3xY8CZ4rSnQ0NqGhMKAy5vgC+2IVK0NoVEzDoOh4DA4=",
        "owner": "nixos",
        "repo": "nixpkgs",
        "rev": "a6531044f6d0bef691ea18d4d4ce44d0daa6e816",
        "type": "github"
      },
      "original": {
        "owner": "nixos",
        "ref": "nixos-unstable",
        "repo": "nixpkgs",
        "type": "github"
      }
    },
    "nixpkgs_2": {
      "locked": {
        "lastModified": 1761907660,
        "narHash": "sha256-kJ8lIZsiPOmbkJypG+B5sReDXSD1KGu2VEPNqhRa/ew=",
        "owner": "nixos",
        "repo": "nixpkgs",
        "rev": "2fb006b87f04c4d3bdf08cfdbc7fab9c13d94a15",
        "type": "github"
      },
      "original": {
        "owner": "nixos",
        "ref": "nixos-unstable",
        "repo": "nixpkgs",
        "type": "github"
      }
    },
    "nixpkgs_3": {
      "locked": {
        "lastModified": 1761907660,
        "narHash": "sha256-kJ8lIZsiPOmbkJypG+B5sReDXSD1KGu2VEPNqhRa/ew=",
        "owner": "nixos",
        "repo": "nixpkgs",
        "rev": "2fb006b87f04c4d3bdf08cfdbc7fab9c13d94a15",
        "type": "github"
      },
      "original": {
        "owner": "nixos",
        "ref": "nixos-unstable",
        "repo": "nixpkgs",
        "type": "github"
      }
    },
    "nixpkgs_4": {
      "locked": {
        "lastModified": 1761907660,
        "narHash": "sha256-kJ8lIZsiPOmbkJypG+B5sReDXSD1KGu2VEPNqhRa/ew=",
        "owner": "nixos",
        "repo": "nixpkgs",
        "rev": "2fb006b87f04c4d3bdf08cfdbc7fab9c13d94a15",
        "type": "github"
      },
      "original": {
        "owner": "nixos",
        "ref": "nixos-unstable",
        "repo": "nixpkgs",
        "type": "github"
      }
    },
    "pythonBasicPackages": {
      "inputs": {
        "nixpkgs": [
          "pythonBasicPackages",
          "pythonCore",
          "nixpkgs"
        ],
        "pythonCore": "pythonCore"
      },
      "locked": {
        "dir": "pythonShells/pythonBasicPackages",
        "lastModified": 1766453965,
        "narHash": "sha256-a/BaEl2lJ+YW9Ir/MvDa3yUEMuOi3utLslZEL/6/jII=",
        "owner": "cmacwill1",
        "repo": "nixShells",
        "rev": "98a29ff37b29eca0f55251e8bff8c3ba35c1f5f7",
        "type": "github"
      },
      "original": {
        "dir": "pythonShells/pythonBasicPackages",
        "owner": "cmacwill1",
        "repo": "nixShells",
        "type": "github"
      }
    },
    "pythonCore": {
      "inputs": {
        "nixpkgs": "nixpkgs_2"
      },
      "locked": {
        "dir": "pythonShells/pythonCore",
        "lastModified": 1762135774,
        "narHash": "sha256-yJEJjc8S/g5fsCdX4gjO7TjZD2YXREX/MCd5J75fBf8=",
        "owner": "cmacwill1",
        "repo": "nixShells",
        "rev": "7dd3844c7a3eb95b713ddb04dac9fc8beb2f4210",
        "type": "github"
      },
      "original": {
        "dir": "pythonShells/pythonCore",
        "owner": "cmacwill1",
        "repo": "nixShells",
        "type": "github"
      }
    },
    "pythonCore_2": {
      "inputs": {
        "nixpkgs": "nixpkgs_3"
      },
      "locked": {
        "dir": "pythonShells/pythonCore",
        "lastModified": 1766453965,
        "narHash": "sha256-a/BaEl2lJ+YW9Ir/MvDa3yUEMuOi3utLslZEL/6/jII=",
        "owner": "cmacwill1",
        "repo": "nixShells",
        "rev": "98a29ff37b29eca0f55251e8bff8c3ba35c1f5f7",
        "type": "github"
      },
      "original": {
        "dir": "pythonShells/pythonCore",
        "owner": "cmacwill1",
        "repo": "nixShells",
        "type": "github"
      }
    },
    "pythonCore_3": {
      "inputs": {
        "nixpkgs": "nixpkgs_4"
      },
      "locked": {
        "dir": "pythonShells/pythonCore",
        "lastModified": 1762135774,
        "narHash": "sha256-yJEJjc8S/g5fsCdX4gjO7TjZD2YXREX/MCd5J75fBf8=",
        "owner": "cmacwill1",
        "repo": "nixShells",
        "rev": "7dd3844c7a3eb95b713ddb04dac9fc8beb2f4210",
        "type": "github"
      },
      "original": {
        "dir": "pythonShells/pythonCore",
        "owner": "cmacwill1",
        "repo": "nixShells",
        "type": "github"
      }
    },
    "pythonNotebook": {
      "inputs": {
        "nixpkgs": [
          "pythonNotebook",
          "pythonCore",
          "nixpkgs"
        ],
        "pythonCore": "pythonCore_3"
      },
      "locked": {
        "dir": "pythonShells/pythonNotebook",
        "lastModified": 1766453965,
        "narHash": "sha256-a/BaEl2lJ+YW9Ir/MvDa3yUEMuOi3utLslZEL/6/jII=",
        "owner": "cmacwill1",
        "repo": "nixShells",
        "rev": "98a29ff37b29eca0f55251e8bff8c3ba35c1f5f7",
        "type": "github"
      },
      "original": {
        "dir": "pythonShells/pythonNotebook",
        "owner": "cmacwill1",
        "repo": "nixShells",
        "type": "github"
      }
    },
    "root": {
      "inputs": {
        "nixpkgs": "nixpkgs",
        "pythonBasicPackages": "pythonBasicPackages",
        "pythonCore": "pythonCore_2",
        "pythonNotebook": "pythonNotebook"
      }
    }
  },
  "root": "root",
  "version": 7
}
